
Microsoft Visual Studio Solution File, Format Version 12.00
# Visual Studio Version 17
VisualStudioVersion = 17.14.36603.0 d17.14
MinimumVisualStudioVersion = 10.0.40219.1
Project("{FAE04EC0-301F-11D3-BF4B-00C04F79EFBC}") = "task10.3", "task10.3\task10.3.csproj", "{852A9D2A-5E40-41DE-AB2A-60443DBF6366}"
EndProject
Global
	GlobalSection(SolutionConfigurationPlatforms) = preSolution
		Debug|Any CPU = Debug|Any CPU
		Release|Any CPU = Release|Any CPU
	EndGlobalSection
	GlobalSection(ProjectConfigurationPlatforms) = postSolution
		{852A9D2A-5E40-41DE-AB2A-60443DBF6366}.Debug|Any CPU.ActiveCfg = Debug|Any CPU
		{852A9D2A-5E40-41DE-AB2A-60443DBF6366}.Debug|Any CPU.Build.0 = Debug|Any CPU
		{852A9D2A-5E40-41DE-AB2A-60443DBF6366}.Release|Any CPU.ActiveCfg = Release|Any CPU
		{852A9D2A-5E40-41DE-AB2A-60443DBF6366}.Release|Any CPU.Build.0 = Release|Any CPU
	EndGlobalSection
	GlobalSection(SolutionProperties) = preSolution
		HideSolutionNode = FALSE
	EndGlobalSection
	GlobalSection(ExtensibilityGlobals) = postSolution
		SolutionGuid = {F9E38E31-D73D-4813-8731-563871BB3DA8}
	EndGlobalSection
EndGlobal
