
Microsoft Visual Studio Solution File, Format Version 12.00
# Visual Studio Version 17
VisualStudioVersion = 17.14.36603.0 d17.14
MinimumVisualStudioVersion = 10.0.40219.1
Project("{FAE04EC0-301F-11D3-BF4B-00C04F79EFBC}") = "task08.1", "task08.1\task08.1.csproj", "{55F766AA-6DDD-4610-BAC3-CFA07987CB04}"
EndProject
Global
	GlobalSection(SolutionConfigurationPlatforms) = preSolution
		Debug|Any CPU = Debug|Any CPU
		Release|Any CPU = Release|Any CPU
	EndGlobalSection
	GlobalSection(ProjectConfigurationPlatforms) = postSolution
		{55F766AA-6DDD-4610-BAC3-CFA07987CB04}.Debug|Any CPU.ActiveCfg = Debug|Any CPU
		{55F766AA-6DDD-4610-BAC3-CFA07987CB04}.Debug|Any CPU.Build.0 = Debug|Any CPU
		{55F766AA-6DDD-4610-BAC3-CFA07987CB04}.Release|Any CPU.ActiveCfg = Release|Any CPU
		{55F766AA-6DDD-4610-BAC3-CFA07987CB04}.Release|Any CPU.Build.0 = Release|Any CPU
	EndGlobalSection
	GlobalSection(SolutionProperties) = preSolution
		HideSolutionNode = FALSE
	EndGlobalSection
	GlobalSection(ExtensibilityGlobals) = postSolution
		SolutionGuid = {062CD420-3AB1-45C6-B42C-84CB20DDEC1E}
	EndGlobalSection
EndGlobal
